// !$*UTF8*$!
{
	archiveVersion = 1;
	classes = {
	};
	objectVersion = 50;
	objects = {

/* Begin PBXBuildFile section */
		CF7AEC3A223A9C25001081E2 /* AppDelegate.swift in Sources */ = {isa = PBXBuildFile; fileRef = CF7AEC39223A9C25001081E2 /* AppDelegate.swift */; };
		CF7AEC3C223A9C25001081E2 /* ViewController.swift in Sources */ = {isa = PBXBuildFile; fileRef = CF7AEC3B223A9C25001081E2 /* ViewController.swift */; };
		CF7AEC3F223A9C25001081E2 /* Main.storyboard in Resources */ = {isa = PBXBuildFile; fileRef = CF7AEC3D223A9C25001081E2 /* Main.storyboard */; };
		CF7AEC41223A9C25001081E2 /* Assets.xcassets in Resources */ = {isa = PBXBuildFile; fileRef = CF7AEC40223A9C25001081E2 /* Assets.xcassets */; };
		CF7AEC44223A9C25001081E2 /* LaunchScreen.storyboard in Resources */ = {isa = PBXBuildFile; fileRef = CF7AEC42223A9C25001081E2 /* LaunchScreen.storyboard */; };
		CF7AEC4F223A9C25001081E2 /* calculatorTests.swift in Sources */ = {isa = PBXBuildFile; fileRef = CF7AEC4E223A9C25001081E2 /* calculatorTests.swift */; };
		CF7AEC5A223A9C26001081E2 /* calculatorUITests.swift in Sources */ = {isa = PBXBuildFile; fileRef = CF7AEC59223A9C26001081E2 /* calculatorUITests.swift */; };
/* End PBXBuildFile section */

/* Begin PBXContainerItemProxy section */
		CF7AEC4B223A9C25001081E2 /* PBXContainerItemProxy */ = {
			isa = PBXContainerItemProxy;
			containerPortal = CF7AEC2E223A9C25001081E2 /* Project object */;
			proxyType = 1;
			remoteGlobalIDString = CF7AEC35223A9C25001081E2;
			remoteInfo = calculator;
		};
		CF7AEC56223A9C26001081E2 /* PBXContainerItemProxy */ = {
			isa = PBXContainerItemProxy;
			containerPortal = CF7AEC2E223A9C25001081E2 /* Project object */;
			proxyType = 1;
			remoteGlobalIDString = CF7AEC35223A9C25001081E2;
			remoteInfo = calculator;
		};
/* End PBXContainerItemProxy section */

/* Begin PBXFileReference section */
		CF7AEC36223A9C25001081E2 /* calculator.app */ = {isa = PBXFileReference; explicitFileType = wrapper.application; includeInIndex = 0; path = calculator.app; sourceTree = BUILT_PRODUCTS_DIR; };
		CF7AEC39223A9C25001081E2 /* AppDelegate.swift */ = {isa = PBXFileReference; lastKnownFileType = sourcecode.swift; path = AppDelegate.swift; sourceTree = "<group>"; };
		CF7AEC3B223A9C25001081E2 /* ViewController.swift */ = {isa = PBXFileReference; lastKnownFileType = sourcecode.swift; path = ViewController.swift; sourceTree = "<group>"; };
		CF7AEC3E223A9C25001081E2 /* Base */ = {isa = PBXFileReference; lastKnownFileType = file.storyboard; name = Base; path = Base.lproj/Main.storyboard; sourceTree = "<group>"; };
		CF7AEC40223A9C25001081E2 /* Assets.xcassets */ = {isa = PBXFileReference; lastKnownFileType = folder.assetcatalog; path = Assets.xcassets; sourceTree = "<group>"; };
		CF7AEC43223A9C25001081E2 /* Base */ = {isa = PBXFileReference; lastKnownFileType = file.storyboard; name = Base; path = Base.lproj/LaunchScreen.storyboard; sourceTree = "<group>"; };
		CF7AEC45223A9C25001081E2 /* Info.plist */ = {isa = PBXFileReference; lastKnownFileType = text.plist.xml; path = Info.plist; sourceTree = "<group>"; };
		CF7AEC4A223A9C25001081E2 /* calculatorTests.xctest */ = {isa = PBXFileReference; explicitFileType = wrapper.cfbundle; includeInIndex = 0; path = calculatorTests.xctest; sourceTree = BUILT_PRODUCTS_DIR; };
		CF7AEC4E223A9C25001081E2 /* calculatorTests.swift */ = {isa = PBXFileReference; lastKnownFileType = sourcecode.swift; path = calculatorTests.swift; sourceTree = "<group>"; };
		CF7AEC50223A9C25001081E2 /* Info.plist */ = {isa = PBXFileReference; lastKnownFileType = text.plist.xml; path = Info.plist; sourceTree = "<group>"; };
		CF7AEC55223A9C26001081E2 /* calculatorUITests.xctest */ = {isa = PBXFileReference; explicitFileType = wrapper.cfbundle; includeInIndex = 0; path = calculatorUITests.xctest; sourceTree = BUILT_PRODUCTS_DIR; };
		CF7AEC59223A9C26001081E2 /* calculatorUITests.swift */ = {isa = PBXFileReference; lastKnownFileType = sourcecode.swift; path = calculatorUITests.swift; sourceTree = "<group>"; };
		CF7AEC5B223A9C26001081E2 /* Info.plist */ = {isa = PBXFileReference; lastKnownFileType = text.plist.xml; path = Info.plist; sourceTree = "<group>"; };
/* End PBXFileReference section */

/* Begin PBXFrameworksBuildPhase section */
		CF7AEC33223A9C25001081E2 /* Frameworks */ = {
			isa = PBXFrameworksBuildPhase;
			buildActionMask = 2147483647;
			files = (
			);
			runOnlyForDeploymentPostprocessing = 0;
		};
		CF7AEC47223A9C25001081E2 /* Frameworks */ = {
			isa = PBXFrameworksBuildPhase;
			buildActionMask = 2147483647;
			files = (
			);
			runOnlyForDeploymentPostprocessing = 0;
		};
		CF7AEC52223A9C26001081E2 /* Frameworks */ = {
			isa = PBXFrameworksBuildPhase;
			buildActionMask = 2147483647;
			files = (
			);
			runOnlyForDeploymentPostprocessing = 0;
		};
/* End PBXFrameworksBuildPhase section */

/* Begin PBXGroup section */
		CF7AEC2D223A9C25001081E2 = {
			isa = PBXGroup;
			children = (
				CF7AEC38223A9C25001081E2 /* calculator */,
				CF7AEC4D223A9C25001081E2 /* calculatorTests */,
				CF7AEC58223A9C26001081E2 /* calculatorUITests */,
				CF7AEC37223A9C25001081E2 /* Products */,
			);
			sourceTree = "<group>";
		};
		CF7AEC37223A9C25001081E2 /* Products */ = {
			isa = PBXGroup;
			children = (
				CF7AEC36223A9C25001081E2 /* calculator.app */,
				CF7AEC4A223A9C25001081E2 /* calculatorTests.xctest */,
				CF7AEC55223A9C26001081E2 /* calculatorUITests.xctest */,
			);
			name = Products;
			sourceTree = "<group>";
		};
		CF7AEC38223A9C25001081E2 /* calculator */ = {
			isa = PBXGroup;
			children = (
				CF7AEC39223A9C25001081E2 /* AppDelegate.swift */,
				CF7AEC3B223A9C25001081E2 /* ViewController.swift */,
				CF7AEC3D223A9C25001081E2 /* Main.storyboard */,
				CF7AEC40223A9C25001081E2 /* Assets.xcassets */,
				CF7AEC42223A9C25001081E2 /* LaunchScreen.storyboard */,
				CF7AEC45223A9C25001081E2 /* Info.plist */,
			);
			path = calculator;
			sourceTree = "<group>";
		};
		CF7AEC4D223A9C25001081E2 /* calculatorTests */ = {
			isa = PBXGroup;
			children = (
				CF7AEC4E223A9C25001081E2 /* calculatorTests.swift */,
				CF7AEC50223A9C25001081E2 /* Info.plist */,
			);
			path = calculatorTests;
			sourceTree = "<group>";
		};
		CF7AEC58223A9C26001081E2 /* calculatorUITests */ = {
			isa = PBXGroup;
			children = (
				CF7AEC59223A9C26001081E2 /* calculatorUITests.swift */,
				CF7AEC5B223A9C26001081E2 /* Info.plist */,
			);
			path = calculatorUITests;
			sourceTree = "<group>";
		};
/* End PBXGroup section */

/* Begin PBXNativeTarget section */
		CF7AEC35223A9C25001081E2 /* calculator */ = {
			isa = PBXNativeTarget;
			buildConfigurationList = CF7AEC5E223A9C26001081E2 /* Build configuration list for PBXNativeTarget "calculator" */;
			buildPhases = (
				CF7AEC32223A9C25001081E2 /* Sources */,
				CF7AEC33223A9C25001081E2 /* Frameworks */,
				CF7AEC34223A9C25001081E2 /* Resources */,
			);
			buildRules = (
			);
			dependencies = (
			);
			name = calculator;
			productName = calculator;
			productReference = CF7AEC36223A9C25001081E2 /* calculator.app */;
			productType = "com.apple.product-type.application";
		};
		CF7AEC49223A9C25001081E2 /* calculatorTests */ = {
			isa = PBXNativeTarget;
			buildConfigurationList = CF7AEC61223A9C26001081E2 /* Build configuration list for PBXNativeTarget "calculatorTests" */;
			buildPhases = (
				CF7AEC46223A9C25001081E2 /* Sources */,
				CF7AEC47223A9C25001081E2 /* Frameworks */,
				CF7AEC48223A9C25001081E2 /* Resources */,
			);
			buildRules = (
			);
			dependencies = (
				CF7AEC4C223A9C25001081E2 /* PBXTargetDependency */,
			);
			name = calculatorTests;
			productName = calculatorTests;
			productReference = CF7AEC4A223A9C25001081E2 /* calculatorTests.xctest */;
			productType = "com.apple.product-type.bundle.unit-test";
		};
		CF7AEC54223A9C26001081E2 /* calculatorUITests */ = {
			isa = PBXNativeTarget;
			buildConfigurationList = CF7AEC64223A9C26001081E2 /* Build configuration list for PBXNativeTarget "calculatorUITests" */;
			buildPhases = (
				CF7AEC51223A9C26001081E2 /* Sources */,
				CF7AEC52223A9C26001081E2 /* Frameworks */,
				CF7AEC53223A9C26001081E2 /* Resources */,
			);
			buildRules = (
			);
			dependencies = (
				CF7AEC57223A9C26001081E2 /* PBXTargetDependency */,
			);
			name = calculatorUITests;
			productName = calculatorUITests;
			productReference = CF7AEC55223A9C26001081E2 /* calculatorUITests.xctest */;
			productType = "com.apple.product-type.bundle.ui-testing";
		};
/* End PBXNativeTarget section */

/* Begin PBXProject section */
		CF7AEC2E223A9C25001081E2 /* Project object */ = {
			isa = PBXProject;
			attributes = {
				LastSwiftUpdateCheck = 1010;
				LastUpgradeCheck = 1010;
				ORGANIZATIONNAME = "太田 一毅";
				TargetAttributes = {
					CF7AEC35223A9C25001081E2 = {
						CreatedOnToolsVersion = 10.1;
					};
					CF7AEC49223A9C25001081E2 = {
						CreatedOnToolsVersion = 10.1;
						TestTargetID = CF7AEC35223A9C25001081E2;
					};
					CF7AEC54223A9C26001081E2 = {
						CreatedOnToolsVersion = 10.1;
						TestTargetID = CF7AEC35223A9C25001081E2;
					};
				};
			};
			buildConfigurationList = CF7AEC31223A9C25001081E2 /* Build configuration list for PBXProject "calculator" */;
			compatibilityVersion = "Xcode 9.3";
			developmentRegion = en;
			hasScannedForEncodings = 0;
			knownRegions = (
				en,
				Base,
			);
			mainGroup = CF7AEC2D223A9C25001081E2;
			productRefGroup = CF7AEC37223A9C25001081E2 /* Products */;
			projectDirPath = "";
			projectRoot = "";
			targets = (
				CF7AEC35223A9C25001081E2 /* calculator */,
				CF7AEC49223A9C25001081E2 /* calculatorTests */,
				CF7AEC54223A9C26001081E2 /* calculatorUITests */,
			);
		};
/* End PBXProject section */

/* Begin PBXResourcesBuildPhase section */
		CF7AEC34223A9C25001081E2 /* Resources */ = {
			isa = PBXResourcesBuildPhase;
			buildActionMask = 2147483647;
			files = (
				CF7AEC44223A9C25001081E2 /* LaunchScreen.storyboard in Resources */,
				CF7AEC41223A9C25001081E2 /* Assets.xcassets in Resources */,
				CF7AEC3F223A9C25001081E2 /* Main.storyboard in Resources */,
			);
			runOnlyForDeploymentPostprocessing = 0;
		};
		CF7AEC48223A9C25001081E2 /* Resources */ = {
			isa = PBXResourcesBuildPhase;
			buildActionMask = 2147483647;
			files = (
			);
			runOnlyForDeploymentPostprocessing = 0;
		};
		CF7AEC53223A9C26001081E2 /* Resources */ = {
			isa = PBXResourcesBuildPhase;
			buildActionMask = 2147483647;
			files = (
			);
			runOnlyForDeploymentPostprocessing = 0;
		};
/* End PBXResourcesBuildPhase section */

/* Begin PBXSourcesBuildPhase section */
		CF7AEC32223A9C25001081E2 /* Sources */ = {
			isa = PBXSourcesBuildPhase;
			buildActionMask = 2147483647;
			files = (
				CF7AEC3C223A9C25001081E2 /* ViewController.swift in Sources */,
				CF7AEC3A223A9C25001081E2 /* AppDelegate.swift in Sources */,
			);
			runOnlyForDeploymentPostprocessing = 0;
		};
		CF7AEC46223A9C25001081E2 /* Sources */ = {
			isa = PBXSourcesBuildPhase;
			buildActionMask = 2147483647;
			files = (
				CF7AEC4F223A9C25001081E2 /* calculatorTests.swift in Sources */,
			);
			runOnlyForDeploymentPostprocessing = 0;
		};
		CF7AEC51223A9C26001081E2 /* Sources */ = {
			isa = PBXSourcesBuildPhase;
			buildActionMask = 2147483647;
			files = (
				CF7AEC5A223A9C26001081E2 /* calculatorUITests.swift in Sources */,
			);
			runOnlyForDeploymentPostprocessing = 0;
		};
/* End PBXSourcesBuildPhase section */

/* Begin PBXTargetDependency section */
		CF7AEC4C223A9C25001081E2 /* PBXTargetDependency */ = {
			isa = PBXTargetDependency;
			target = CF7AEC35223A9C25001081E2 /* calculator */;
			targetProxy = CF7AEC4B223A9C25001081E2 /* PBXContainerItemProxy */;
		};
		CF7AEC57223A9C26001081E2 /* PBXTargetDependency */ = {
			isa = PBXTargetDependency;
			target = CF7AEC35223A9C25001081E2 /* calculator */;
			targetProxy = CF7AEC56223A9C26001081E2 /* PBXContainerItemProxy */;
		};
/* End PBXTargetDependency section */

/* Begin PBXVariantGroup section */
		CF7AEC3D223A9C25001081E2 /* Main.storyboard */ = {
			isa = PBXVariantGroup;
			children = (
				CF7AEC3E223A9C25001081E2 /* Base */,
			);
			name = Main.storyboard;
			sourceTree = "<group>";
		};
		CF7AEC42223A9C25001081E2 /* LaunchScreen.storyboard */ = {
			isa = PBXVariantGroup;
			children = (
				CF7AEC43223A9C25001081E2 /* Base */,
			);
			name = LaunchScreen.storyboard;
			sourceTree = "<group>";
		};
/* End PBXVariantGroup section */

/* Begin XCBuildConfiguration section */
		CF7AEC5C223A9C26001081E2 /* Debug */ = {
			isa = XCBuildConfiguration;
			buildSettings = {
				ALWAYS_SEARCH_USER_PATHS = NO;
				CLANG_ANALYZER_NONNULL = YES;
				CLANG_ANALYZER_NUMBER_OBJECT_CONVERSION = YES_AGGRESSIVE;
				CLANG_CXX_LANGUAGE_STANDARD = "gnu++14";
				CLANG_CXX_LIBRARY = "libc++";
				CLANG_ENABLE_MODULES = YES;
				CLANG_ENABLE_OBJC_ARC = YES;
				CLANG_ENABLE_OBJC_WEAK = YES;
				CLANG_WARN_BLOCK_CAPTURE_AUTORELEASING = YES;
				CLANG_WARN_BOOL_CONVERSION = YES;
				CLANG_WARN_COMMA = YES;
				CLANG_WARN_CONSTANT_CONVERSION = YES;
				CLANG_WARN_DEPRECATED_OBJC_IMPLEMENTATIONS = YES;
				CLANG_WARN_DIRECT_OBJC_ISA_USAGE = YES_ERROR;
				CLANG_WARN_DOCUMENTATION_COMMENTS = YES;
				CLANG_WARN_EMPTY_BODY = YES;
				CLANG_WARN_ENUM_CONVERSION = YES;
				CLANG_WARN_INFINITE_RECURSION = YES;
				CLANG_WARN_INT_CONVERSION = YES;
				CLANG_WARN_NON_LITERAL_NULL_CONVERSION = YES;
				CLANG_WARN_OBJC_IMPLICIT_RETAIN_SELF = YES;
				CLANG_WARN_OBJC_LITERAL_CONVERSION = YES;
				CLANG_WARN_OBJC_ROOT_CLASS = YES_ERROR;
				CLANG_WARN_RANGE_LOOP_ANALYSIS = YES;
				CLANG_WARN_STRICT_PROTOTYPES = YES;
				CLANG_WARN_SUSPICIOUS_MOVE = YES;
				CLANG_WARN_UNGUARDED_AVAILABILITY = YES_AGGRESSIVE;
				CLANG_WARN_UNREACHABLE_CODE = YES;
				CLANG_WARN__DUPLICATE_METHOD_MATCH = YES;
				CODE_SIGN_IDENTITY = "iPhone Developer";
				COPY_PHASE_STRIP = NO;
				DEBUG_INFORMATION_FORMAT = dwarf;
				ENABLE_STRICT_OBJC_MSGSEND = YES;
				ENABLE_TESTABILITY = YES;
				GCC_C_LANGUAGE_STANDARD = gnu11;
				GCC_DYNAMIC_NO_PIC = NO;
				GCC_NO_COMMON_BLOCKS = YES;
				GCC_OPTIMIZATION_LEVEL = 0;
				GCC_PREPROCESSOR_DEFINITIONS = (
					"DEBUG=1",
					"$(inherited)",
				);
				GCC_WARN_64_TO_32_BIT_CONVERSION = YES;
				GCC_WARN_ABOUT_RETURN_TYPE = YES_ERROR;
				GCC_WARN_UNDECLARED_SELECTOR = YES;
				GCC_WARN_UNINITIALIZED_AUTOS = YES_AGGRESSIVE;
				GCC_WARN_UNUSED_FUNCTION = YES;
				GCC_WARN_UNUSED_VARIABLE = YES;
				IPHONEOS_DEPLOYMENT_TARGET = 12.1;
				MTL_ENABLE_DEBUG_INFO = INCLUDE_SOURCE;
				MTL_FAST_MATH = YES;
				ONLY_ACTIVE_ARCH = YES;
				SDKROOT = iphoneos;
				SWIFT_ACTIVE_COMPILATION_CONDITIONS = DEBUG;
				SWIFT_OPTIMIZATION_LEVEL = "-Onone";
			};
			name = Debug;
		};
		CF7AEC5D223A9C26001081E2 /* Release */ = {
			isa = XCBuildConfiguration;
			buildSettings = {
				ALWAYS_SEARCH_USER_PATHS = NO;
				CLANG_ANALYZER_NONNULL = YES;
				CLANG_ANALYZER_NUMBER_OBJECT_CONVERSION = YES_AGGRESSIVE;
				CLANG_CXX_LANGUAGE_STANDARD = "gnu++14";
				CLANG_CXX_LIBRARY = "libc++";
				CLANG_ENABLE_MODULES = YES;
				CLANG_ENABLE_OBJC_ARC = YES;
				CLANG_ENABLE_OBJC_WEAK = YES;
				CLANG_WARN_BLOCK_CAPTURE_AUTORELEASING = YES;
				CLANG_WARN_BOOL_CONVERSION = YES;
				CLANG_WARN_COMMA = YES;
				CLANG_WARN_CONSTANT_CONVERSION = YES;
				CLANG_WARN_DEPRECATED_OBJC_IMPLEMENTATIONS = YES;
				CLANG_WARN_DIRECT_OBJC_ISA_USAGE = YES_ERROR;
				CLANG_WARN_DOCUMENTATION_COMMENTS = YES;
				CLANG_WARN_EMPTY_BODY = YES;
				CLANG_WARN_ENUM_CONVERSION = YES;
				CLANG_WARN_INFINITE_RECURSION = YES;
				CLANG_WARN_INT_CONVERSION = YES;
				CLANG_WARN_NON_LITERAL_NULL_CONVERSION = YES;
				CLANG_WARN_OBJC_IMPLICIT_RETAIN_SELF = YES;
				CLANG_WARN_OBJC_LITERAL_CONVERSION = YES;
				CLANG_WARN_OBJC_ROOT_CLASS = YES_ERROR;
				CLANG_WARN_RANGE_LOOP_ANALYSIS = YES;
				CLANG_WARN_STRICT_PROTOTYPES = YES;
				CLANG_WARN_SUSPICIOUS_MOVE = YES;
				CLANG_WARN_UNGUARDED_AVAILABILITY = YES_AGGRESSIVE;
				CLANG_WARN_UNREACHABLE_CODE = YES;
				CLANG_WARN__DUPLICATE_METHOD_MATCH = YES;
				CODE_SIGN_IDENTITY = "iPhone Developer";
				COPY_PHASE_STRIP = NO;
				DEBUG_INFORMATION_FORMAT = "dwarf-with-dsym";
				ENABLE_NS_ASSERTIONS = NO;
				ENABLE_STRICT_OBJC_MSGSEND = YES;
				GCC_C_LANGUAGE_STANDARD = gnu11;
				GCC_NO_COMMON_BLOCKS = YES;
				GCC_WARN_64_TO_32_BIT_CONVERSION = YES;
				GCC_WARN_ABOUT_RETURN_TYPE = YES_ERROR;
				GCC_WARN_UNDECLARED_SELECTOR = YES;
				GCC_WARN_UNINITIALIZED_AUTOS = YES_AGGRESSIVE;
				GCC_WARN_UNUSED_FUNCTION = YES;
				GCC_WARN_UNUSED_VARIABLE = YES;
				IPHONEOS_DEPLOYMENT_TARGET = 12.1;
				MTL_ENABLE_DEBUG_INFO = NO;
				MTL_FAST_MATH = YES;
				SDKROOT = iphoneos;
				SWIFT_COMPILATION_MODE = wholemodule;
				SWIFT_OPTIMIZATION_LEVEL = "-O";
				VALIDATE_PRODUCT = YES;
			};
			name = Release;
		};
		CF7AEC5F223A9C26001081E2 /* Debug */ = {
			isa = XCBuildConfiguration;
			buildSettings = {
				ASSETCATALOG_COMPILER_APPICON_NAME = AppIcon;
				CODE_SIGN_STYLE = Automatic;
				DEVELOPMENT_TEAM = 8L5RSFK5R4;
				INFOPLIST_FILE = calculator/Info.plist;
				LD_RUNPATH_SEARCH_PATHS = (
					"$(inherited)",
					"@executable_path/Frameworks",
				);
				PRODUCT_BUNDLE_IDENTIFIER = KazukiOta.calculator;
				PRODUCT_NAME = "$(TARGET_NAME)";
				SWIFT_VERSION = 4.2;
				TARGETED_DEVICE_FAMILY = "1,2";
			};
			name = Debug;
		};
		CF7AEC60223A9C26001081E2 /* Release */ = {
			isa = XCBuildConfiguration;
			buildSettings = {
				ASSETCATALOG_COMPILER_APPICON_NAME = AppIcon;
				CODE_SIGN_STYLE = Automatic;
				DEVELOPMENT_TEAM = 8L5RSFK5R4;
				INFOPLIST_FILE = calculator/Info.plist;
				LD_RUNPATH_SEARCH_PATHS = (
					"$(inherited)",
					"@executable_path/Frameworks",
				);
				PRODUCT_BUNDLE_IDENTIFIER = KazukiOta.calculator;
				PRODUCT_NAME = "$(TARGET_NAME)";
				SWIFT_VERSION = 4.2;
				TARGETED_DEVICE_FAMILY = "1,2";
			};
			name = Release;
		};
		CF7AEC62223A9C26001081E2 /* Debug */ = {
			isa = XCBuildConfiguration;
			buildSettings = {
				ALWAYS_EMBED_SWIFT_STANDARD_LIBRARIES = YES;
				BUNDLE_LOADER = "$(TEST_HOST)";
				CODE_SIGN_STYLE = Automatic;
				DEVELOPMENT_TEAM = 8L5RSFK5R4;
				INFOPLIST_FILE = calculatorTests/Info.plist;
				LD_RUNPATH_SEARCH_PATHS = (
					"$(inherited)",
					"@executable_path/Frameworks",
					"@loader_path/Frameworks",
				);
				PRODUCT_BUNDLE_IDENTIFIER = KazukiOta.calculatorTests;
				PRODUCT_NAME = "$(TARGET_NAME)";
				SWIFT_VERSION = 4.2;
				TARGETED_DEVICE_FAMILY = "1,2";
				TEST_HOST = "$(BUILT_PRODUCTS_DIR)/calculator.app/calculator";
			};
			name = Debug;
		};
		CF7AEC63223A9C26001081E2 /* Release */ = {
			isa = XCBuildConfiguration;
			buildSettings = {
				ALWAYS_EMBED_SWIFT_STANDARD_LIBRARIES = YES;
				BUNDLE_LOADER = "$(TEST_HOST)";
				CODE_SIGN_STYLE = Automatic;
				DEVELOPMENT_TEAM = 8L5RSFK5R4;
				INFOPLIST_FILE = calculatorTests/Info.plist;
				LD_RUNPATH_SEARCH_PATHS = (
					"$(inherited)",
					"@executable_path/Frameworks",
					"@loader_path/Frameworks",
				);
				PRODUCT_BUNDLE_IDENTIFIER = KazukiOta.calculatorTests;
				PRODUCT_NAME = "$(TARGET_NAME)";
				SWIFT_VERSION = 4.2;
				TARGETED_DEVICE_FAMILY = "1,2";
				TEST_HOST = "$(BUILT_PRODUCTS_DIR)/calculator.app/calculator";
			};
			name = Release;
		};
		CF7AEC65223A9C26001081E2 /* Debug */ = {
			isa = XCBuildConfiguration;
			buildSettings = {
				ALWAYS_EMBED_SWIFT_STANDARD_LIBRARIES = YES;
				CODE_SIGN_STYLE = Automatic;
				DEVELOPMENT_TEAM = 8L5RSFK5R4;
				INFOPLIST_FILE = calculatorUITests/Info.plist;
				LD_RUNPATH_SEARCH_PATHS = (
					"$(inherited)",
					"@executable_path/Frameworks",
					"@loader_path/Frameworks",
				);
				PRODUCT_BUNDLE_IDENTIFIER = KazukiOta.calculatorUITests;
				PRODUCT_NAME = "$(TARGET_NAME)";
				SWIFT_VERSION = 4.2;
				TARGETED_DEVICE_FAMILY = "1,2";
				TEST_TARGET_NAME = calculator;
			};
			name = Debug;
		};
		CF7AEC66223A9C26001081E2 /* Release */ = {
			isa = XCBuildConfiguration;
			buildSettings = {
				ALWAYS_EMBED_SWIFT_STANDARD_LIBRARIES = YES;
				CODE_SIGN_STYLE = Automatic;
				DEVELOPMENT_TEAM = 8L5RSFK5R4;
				INFOPLIST_FILE = calculatorUITests/Info.plist;
				LD_RUNPATH_SEARCH_PATHS = (
					"$(inherited)",
					"@executable_path/Frameworks",
					"@loader_path/Frameworks",
				);
				PRODUCT_BUNDLE_IDENTIFIER = KazukiOta.calculatorUITests;
				PRODUCT_NAME = "$(TARGET_NAME)";
				SWIFT_VERSION = 4.2;
				TARGETED_DEVICE_FAMILY = "1,2";
				TEST_TARGET_NAME = calculator;
			};
			name = Release;
		};
/* End XCBuildConfiguration section */

/* Begin XCConfigurationList section */
		CF7AEC31223A9C25001081E2 /* Build configuration list for PBXProject "calculator" */ = {
			isa = XCConfigurationList;
			buildConfigurations = (
				CF7AEC5C223A9C26001081E2 /* Debug */,
				CF7AEC5D223A9C26001081E2 /* Release */,
			);
			defaultConfigurationIsVisible = 0;
			defaultConfigurationName = Release;
		};
		CF7AEC5E223A9C26001081E2 /* Build configuration list for PBXNativeTarget "calculator" */ = {
			isa = XCConfigurationList;
			buildConfigurations = (
				CF7AEC5F223A9C26001081E2 /* Debug */,
				CF7AEC60223A9C26001081E2 /* Release */,
			);
			defaultConfigurationIsVisible = 0;
			defaultConfigurationName = Release;
		};
		CF7AEC61223A9C26001081E2 /* Build configuration list for PBXNativeTarget "calculatorTests" */ = {
			isa = XCConfigurationList;
			buildConfigurations = (
				CF7AEC62223A9C26001081E2 /* Debug */,
				CF7AEC63223A9C26001081E2 /* Release */,
			);
			defaultConfigurationIsVisible = 0;
			defaultConfigurationName = Release;
		};
		CF7AEC64223A9C26001081E2 /* Build configuration list for PBXNativeTarget "calculatorUITests" */ = {
			isa = XCConfigurationList;
			buildConfigurations = (
				CF7AEC65223A9C26001081E2 /* Debug */,
				CF7AEC66223A9C26001081E2 /* Release */,
			);
			defaultConfigurationIsVisible = 0;
			defaultConfigurationName = Release;
		};
/* End XCConfigurationList section */
	};
	rootObject = CF7AEC2E223A9C25001081E2 /* Project object */;
}
